
Microsoft Visual Studio Solution File, Format Version 12.00
# Visual Studio Version 16
VisualStudioVersion = 16.0.32413.511
MinimumVisualStudioVersion = 10.0.40219.1
Project("{FAE04EC0-301F-11D3-BF4B-00C04F79EFBC}") = "Number of Submatrices That Sum to Target", "Number of Submatrices That Sum to Target\Number of Submatrices That Sum to Target.csproj", "{5673A065-1ACC-4F40-AB5F-E6649FBF1256}"
EndProject
Global
	GlobalSection(SolutionConfigurationPlatforms) = preSolution
		Debug|Any CPU = Debug|Any CPU
		Release|Any CPU = Release|Any CPU
	EndGlobalSection
	GlobalSection(ProjectConfigurationPlatforms) = postSolution
		{5673A065-1ACC-4F40-AB5F-E6649FBF1256}.Debug|Any CPU.ActiveCfg = Debug|Any CPU
		{5673A065-1ACC-4F40-AB5F-E6649FBF1256}.Debug|Any CPU.Build.0 = Debug|Any CPU
		{5673A065-1ACC-4F40-AB5F-E6649FBF1256}.Release|Any CPU.ActiveCfg = Release|Any CPU
		{5673A065-1ACC-4F40-AB5F-E6649FBF1256}.Release|Any CPU.Build.0 = Release|Any CPU
	EndGlobalSection
	GlobalSection(SolutionProperties) = preSolution
		HideSolutionNode = FALSE
	EndGlobalSection
	GlobalSection(ExtensibilityGlobals) = postSolution
		SolutionGuid = {513F03E3-C803-45EE-A548-57AAE18E008E}
	EndGlobalSection
EndGlobal
